<?xml version="1.0" encoding="utf-8"?>
<Project ToolsVersion="4.0" xmlns="http://schemas.microsoft.com/developer/msbuild/2003">
  <ItemGroup>
    <ClInclude Include="Maths\Mat4.h">
      <Filter>Maths</Filter>
    </ClInclude>
    <ClInclude Include="Maths\Maths.h">
      <Filter>Maths</Filter>
    </ClInclude>
    <ClInclude Include="Maths\Maths_Func.h">
      <Filter>Maths</Filter>
    </ClInclude>
    <ClInclude Include="Maths\Vec2.h">
      <Filter>Maths</Filter>
    </ClInclude>
    <ClInclude Include="Maths\Vec3.h">
      <Filter>Maths</Filter>
    </ClInclude>
    <ClInclude Include="Maths\Vec4.h">
      <Filter>Maths</Filter>
    </ClInclude>
    <ClInclude Include="Game\Component.h">
      <Filter>Game Objects\Components</Filter>
    </ClInclude>
    <ClInclude Include="Graphics\BaseBuffer.h">
      <Filter>Graphics Engine\Buffers</Filter>
    </ClInclude>
    <ClInclude Include="Graphics\BaseRenderer.h">
      <Filter>Graphics Engine\Renderers</Filter>
    </ClInclude>
    <ClInclude Include="Graphics\BatchSpriteRenderer.h">
      <Filter>Graphics Engine\Renderers</Filter>
    </ClInclude>
    <ClInclude Include="Graphics\DebugOpenGL.h" />
    <ClInclude Include="Graphics\IndexBuffer.h">
      <Filter>Graphics Engine\Buffers</Filter>
    </ClInclude>
    <ClInclude Include="Graphics\ResourceManager.h">
      <Filter>Graphics Engine\Utils</Filter>
    </ClInclude>
    <ClInclude Include="Graphics\Shader.h">
      <Filter>Graphics Engine</Filter>
    </ClInclude>
    <ClInclude Include="Graphics\SpriteRenderer.h">
      <Filter>Graphics Engine\Renderers</Filter>
    </ClInclude>
    <ClInclude Include="Graphics\Texture2D.h">
      <Filter>Graphics Engine</Filter>
    </ClInclude>
    <ClInclude Include="Graphics\VertexArray.h">
      <Filter>Graphics Engine\Buffers</Filter>
    </ClInclude>
    <ClInclude Include="Graphics\VertexBuffer.h">
      <Filter>Graphics Engine\Buffers</Filter>
    </ClInclude>
    <ClInclude Include="Graphics\VertexBufferLayout.h">
      <Filter>Graphics Engine\Buffers</Filter>
    </ClInclude>
    <ClInclude Include="Graphics\Window.h">
      <Filter>Graphics Engine</Filter>
    </ClInclude>
    <ClInclude Include="Utils\BasicTimer.h">
      <Filter>Utils</Filter>
    </ClInclude>
    <ClInclude Include="Game\GameObject.h">
      <Filter>Game Objects</Filter>
    </ClInclude>
    <ClInclude Include="Graphics\SpriteRen.h">
      <Filter>Graphics Engine\Renderables</Filter>
    </ClInclude>
    <ClInclude Include="Graphics\Renderable.h">
      <Filter>Graphics Engine\Renderables</Filter>
    </ClInclude>
    <ClInclude Include="Game\BaseLevel.h">
      <Filter>Game Objects\Levels</Filter>
    </ClInclude>
    <ClInclude Include="Game\MemoryManager.h" />
    <ClInclude Include="Game\KEY_Alphabet.h">
      <Filter>Game Objects\WorldObjects\Player</Filter>
    </ClInclude>
    <ClInclude Include="Game\WPlayerController.h">
      <Filter>Game Objects\WorldObjects\Player</Filter>
    </ClInclude>
    <ClInclude Include="Game\Object.h">
      <Filter>Game Objects</Filter>
    </ClInclude>
    <ClInclude Include="Utils\FileReader.h">
      <Filter>Utils</Filter>
    </ClInclude>
    <ClInclude Include="Game\LGameMode.h" />
    <ClInclude Include="Graphics\SpriteMaterialManager.h">
      <Filter>Graphics Engine\Renderables</Filter>
    </ClInclude>
    <ClInclude Include="Graphics\LRenderableComponent.h">
      <Filter>Graphics Engine\Renderables</Filter>
    </ClInclude>
    <ClInclude Include="Graphics\LSpriteComponent.h">
      <Filter>Graphics Engine\Renderables</Filter>
    </ClInclude>
    <ClInclude Include="Game\GameObjectManager.h" />
    <ClInclude Include="Game\LInputComponent.h" />
    <ClInclude Include="Game\LGameInputManager.h" />
    <ClInclude Include="Game\Inputs\KeyboardEnum.h" />
    <ClInclude Include="Game\EPawn.h" />
    <ClInclude Include="Game\Inputs\InputHelpers.h" />
    <ClInclude Include="Game\STransform.h" />
    <ClInclude Include="Game\Cameras\LCameraComponent.h" />
    <ClInclude Include="Game\Cameras\LCameraManager.h" />
    <ClInclude Include="Game\LEntityComponent.h" />
    <ClInclude Include="Game\EEntity.h">
      <Filter>Game Objects</Filter>
    </ClInclude>
    <ClInclude Include="Console\ConsoleLogger.h" />
    <ClInclude Include="LBaseMaterial.h" />
  </ItemGroup>
  <ItemGroup>
    <ClCompile Include="Maths\Mat4.cpp">
      <Filter>Maths</Filter>
    </ClCompile>
    <ClCompile Include="Maths\Vec2.cpp">
      <Filter>Maths</Filter>
    </ClCompile>
    <ClCompile Include="Maths\Vec3.cpp">
      <Filter>Maths</Filter>
    </ClCompile>
    <ClCompile Include="Maths\Vec4.cpp">
      <Filter>Maths</Filter>
    </ClCompile>
    <ClCompile Include="Graphics\BaseBuffer.cpp">
      <Filter>Graphics Engine\Buffers</Filter>
    </ClCompile>
    <ClCompile Include="Graphics\BatchSpriteRenderer.cpp">
      <Filter>Graphics Engine\Renderers</Filter>
    </ClCompile>
    <ClCompile Include="Graphics\IndexBuffer.cpp">
      <Filter>Graphics Engine\Buffers</Filter>
    </ClCompile>
    <ClCompile Include="Graphics\ResourceManager.cpp">
      <Filter>Graphics Engine\Utils</Filter>
    </ClCompile>
    <ClCompile Include="Graphics\Shader.cpp">
      <Filter>Graphics Engine</Filter>
    </ClCompile>
    <ClCompile Include="Graphics\SpriteRenderer.cpp">
      <Filter>Graphics Engine\Renderers</Filter>
    </ClCompile>
    <ClCompile Include="Graphics\Texture2D.cpp">
      <Filter>Graphics Engine</Filter>
    </ClCompile>
    <ClCompile Include="Graphics\VertexArray.cpp">
      <Filter>Graphics Engine\Buffers</Filter>
    </ClCompile>
    <ClCompile Include="Graphics\VertexBuffer.cpp">
      <Filter>Graphics Engine\Buffers</Filter>
    </ClCompile>
    <ClCompile Include="Graphics\Window.cpp">
      <Filter>Graphics Engine</Filter>
    </ClCompile>
    <ClCompile Include="Graphics\SpriteRen.cpp">
      <Filter>Graphics Engine\Renderables</Filter>
    </ClCompile>
    <ClCompile Include="Graphics\Renderable.cpp">
      <Filter>Graphics Engine\Renderables</Filter>
    </ClCompile>
    <ClCompile Include="Game\MemoryManager.cpp" />
    <ClCompile Include="Game\WPlayerController.cpp">
      <Filter>Game Objects\WorldObjects\Player</Filter>
    </ClCompile>
    <ClCompile Include="Game\Object.cpp">
      <Filter>Game Objects</Filter>
    </ClCompile>
    <ClCompile Include="Game\EPawn.cpp" />
    <ClCompile Include="Game\LGameMode.cpp" />
    <ClCompile Include="Graphics\SpriteMaterialManager.cpp" />
    <ClCompile Include="Graphics\LSpriteComponent.cpp">
      <Filter>Graphics Engine\Renderables</Filter>
    </ClCompile>
    <ClCompile Include="Game\GameObjectManager.cpp" />
    <ClCompile Include="Game\LInputComponent.cpp" />
    <ClCompile Include="Game\LGameInputManager.cpp" />
    <ClCompile Include="Game\BaseLevel.cpp">
      <Filter>Game Objects\Levels</Filter>
    </ClCompile>
    <ClCompile Include="Game\Cameras\LCameraComponent.cpp" />
    <ClCompile Include="Game\Cameras\LCameraManager.cpp" />
    <ClCompile Include="Game\LEntityComponent.cpp" />
    <ClCompile Include="Game\EEntity.cpp">
      <Filter>Game Objects</Filter>
    </ClCompile>
    <ClCompile Include="LBaseMaterial.cpp" />
  </ItemGroup>
  <ItemGroup>
    <Filter Include="Maths">
      <UniqueIdentifier>{918aafd7-5429-4b4b-b393-c487e091b086}</UniqueIdentifier>
    </Filter>
    <Filter Include="Utils">
      <UniqueIdentifier>{e9b5dd19-7c67-4216-af41-d06aee4b9ab0}</UniqueIdentifier>
    </Filter>
    <Filter Include="Graphics Engine">
      <UniqueIdentifier>{52d9053c-eda3-4b06-ab17-44feccaae9ea}</UniqueIdentifier>
    </Filter>
    <Filter Include="Graphics Engine\Utils">
      <UniqueIdentifier>{cb599cec-112f-42a5-942f-9981da4add3e}</UniqueIdentifier>
    </Filter>
    <Filter Include="Graphics Engine\Renderers">
      <UniqueIdentifier>{98d67dc0-27ed-4922-9094-32c4969741ac}</UniqueIdentifier>
    </Filter>
    <Filter Include="Graphics Engine\Buffers">
      <UniqueIdentifier>{b92ec809-3461-492f-8282-243647103eae}</UniqueIdentifier>
    </Filter>
    <Filter Include="Graphics Engine\Shaders">
      <UniqueIdentifier>{a71ad6a5-d5ab-420c-ac0f-8eec9cc51589}</UniqueIdentifier>
    </Filter>
    <Filter Include="Game Objects">
      <UniqueIdentifier>{7633099d-d5df-4f45-8e86-24921e12aad4}</UniqueIdentifier>
    </Filter>
    <Filter Include="Game Objects\Registers">
      <UniqueIdentifier>{361ba5e2-4a3e-4034-bbb8-ba977bf70f9f}</UniqueIdentifier>
    </Filter>
    <Filter Include="Game Objects\Renderers">
      <UniqueIdentifier>{4676fb0e-a7e4-41cd-9461-f2dbcf702d2d}</UniqueIdentifier>
    </Filter>
    <Filter Include="Game Objects\Levels">
      <UniqueIdentifier>{71dcfcab-954d-4e76-9140-108a21ca37ec}</UniqueIdentifier>
    </Filter>
    <Filter Include="Game Objects\WorldObjects">
      <UniqueIdentifier>{03c9238e-da51-4470-8003-c2eb8b889933}</UniqueIdentifier>
    </Filter>
    <Filter Include="Game Objects\WorldObjects\Player">
      <UniqueIdentifier>{6a292a78-968f-42f2-8d66-5b1f10a1fecd}</UniqueIdentifier>
    </Filter>
    <Filter Include="Game Objects\Components">
      <UniqueIdentifier>{d095d593-c291-41bb-9d69-474fc0aabd53}</UniqueIdentifier>
    </Filter>
    <Filter Include="Game Objects\Input">
      <UniqueIdentifier>{b8c6ca6b-eb14-43a7-a068-eab9df336819}</UniqueIdentifier>
    </Filter>
    <Filter Include="Graphics Engine\Renderables">
      <UniqueIdentifier>{1f585b47-640d-431c-96be-bbcee18f89f6}</UniqueIdentifier>
    </Filter>
  </ItemGroup>
  <ItemGroup>
    <None Include="Shaders\Basic.frag">
      <Filter>Graphics Engine\Shaders</Filter>
    </None>
    <None Include="Shaders\Basic.vert">
      <Filter>Graphics Engine\Shaders</Filter>
    </None>
    <None Include="Shaders\BatchSprite.frag">
      <Filter>Graphics Engine\Shaders</Filter>
    </None>
    <None Include="Shaders\BatchSprite.vert">
      <Filter>Graphics Engine\Shaders</Filter>
    </None>
    <None Include="Shaders\TexturedSprite.frag">
      <Filter>Graphics Engine\Shaders</Filter>
    </None>
    <None Include="Shaders\TexturedSprite.vert">
      <Filter>Graphics Engine\Shaders</Filter>
    </None>
  </ItemGroup>
</Project>